
Microsoft Visual Studio Solution File, Format Version 12.00
# Visual Studio Version 17
VisualStudioVersion = 17.0.31903.59
MinimumVisualStudioVersion = 10.0.40219.1
Project("{2150E333-8FDC-42A3-9474-1A3956D46DE8}") = "src", "src", "{33E6AC38-D658-4208-9808-A7CAFE6C5FEB}"
EndProject
Project("{2150E333-8FDC-42A3-9474-1A3956D46DE8}") = "sample", "sample", "{D491C8C5-1C77-4D96-9968-1FD59484E775}"
EndProject
Project("{2150E333-8FDC-42A3-9474-1A3956D46DE8}") = "test", "test", "{7B594D2D-644B-47DB-9FEE-EADBEE1D5BBF}"
EndProject
Project("{FAE04EC0-301F-11D3-BF4B-00C04F79EFBC}") = "CosmosDbManager", "src\CosmosDbManager\CosmosDbManager.csproj", "{CA393DD8-8BD7-4917-8F36-468490098C94}"
EndProject
Project("{FAE04EC0-301F-11D3-BF4B-00C04F79EFBC}") = "CosmosDbManager.Tests", "test\CosmosDbManager.Tests\CosmosDbManager.Tests.csproj", "{A442ABC7-8173-4825-9765-2A74B36E4457}"
EndProject
Project("{FAE04EC0-301F-11D3-BF4B-00C04F79EFBC}") = "CosmosDbSample", "sample\CosmosDbSample\CosmosDbSample.csproj", "{2126D86B-3A9F-49F0-8EAF-6E4161A21D45}"
EndProject
Global
	GlobalSection(SolutionConfigurationPlatforms) = preSolution
		Debug|Any CPU = Debug|Any CPU
		Release|Any CPU = Release|Any CPU
	EndGlobalSection
	GlobalSection(SolutionProperties) = preSolution
		HideSolutionNode = FALSE
	EndGlobalSection
	GlobalSection(NestedProjects) = preSolution
		{CA393DD8-8BD7-4917-8F36-468490098C94} = {33E6AC38-D658-4208-9808-A7CAFE6C5FEB}
		{A442ABC7-8173-4825-9765-2A74B36E4457} = {7B594D2D-644B-47DB-9FEE-EADBEE1D5BBF}
		{2126D86B-3A9F-49F0-8EAF-6E4161A21D45} = {D491C8C5-1C77-4D96-9968-1FD59484E775}
	EndGlobalSection
	GlobalSection(ProjectConfigurationPlatforms) = postSolution
		{CA393DD8-8BD7-4917-8F36-468490098C94}.Debug|Any CPU.ActiveCfg = Debug|Any CPU
		{CA393DD8-8BD7-4917-8F36-468490098C94}.Debug|Any CPU.Build.0 = Debug|Any CPU
		{CA393DD8-8BD7-4917-8F36-468490098C94}.Release|Any CPU.ActiveCfg = Release|Any CPU
		{CA393DD8-8BD7-4917-8F36-468490098C94}.Release|Any CPU.Build.0 = Release|Any CPU
		{A442ABC7-8173-4825-9765-2A74B36E4457}.Debug|Any CPU.ActiveCfg = Debug|Any CPU
		{A442ABC7-8173-4825-9765-2A74B36E4457}.Debug|Any CPU.Build.0 = Debug|Any CPU
		{A442ABC7-8173-4825-9765-2A74B36E4457}.Release|Any CPU.ActiveCfg = Release|Any CPU
		{A442ABC7-8173-4825-9765-2A74B36E4457}.Release|Any CPU.Build.0 = Release|Any CPU
		{2126D86B-3A9F-49F0-8EAF-6E4161A21D45}.Debug|Any CPU.ActiveCfg = Debug|Any CPU
		{2126D86B-3A9F-49F0-8EAF-6E4161A21D45}.Debug|Any CPU.Build.0 = Debug|Any CPU
		{2126D86B-3A9F-49F0-8EAF-6E4161A21D45}.Release|Any CPU.ActiveCfg = Release|Any CPU
		{2126D86B-3A9F-49F0-8EAF-6E4161A21D45}.Release|Any CPU.Build.0 = Release|Any CPU
	EndGlobalSection
EndGlobal
